
Microsoft Visual Studio Solution File, Format Version 12.00
# Visual Studio Version 17
VisualStudioVersion = 17.4.33213.308
MinimumVisualStudioVersion = 10.0.40219.1
Project("{8BC9CEB8-8B4A-11D0-8D11-00A0C91BC942}") = "C++_UI_Study", "C++_UI_Study\C++_UI_Study.vcxproj", "{41C9DA4B-84B9-456D-81B2-F9C1F6087638}"
EndProject
Global
	GlobalSection(SolutionConfigurationPlatforms) = preSolution
		Debug|x64 = Debug|x64
		Debug|x86 = Debug|x86
		Release|x64 = Release|x64
		Release|x86 = Release|x86
	EndGlobalSection
	GlobalSection(ProjectConfigurationPlatforms) = postSolution
		{41C9DA4B-84B9-456D-81B2-F9C1F6087638}.Debug|x64.ActiveCfg = Debug|x64
		{41C9DA4B-84B9-456D-81B2-F9C1F6087638}.Debug|x64.Build.0 = Debug|x64
		{41C9DA4B-84B9-456D-81B2-F9C1F6087638}.Debug|x86.ActiveCfg = Debug|Win32
		{41C9DA4B-84B9-456D-81B2-F9C1F6087638}.Debug|x86.Build.0 = Debug|Win32
		{41C9DA4B-84B9-456D-81B2-F9C1F6087638}.Release|x64.ActiveCfg = Release|x64
		{41C9DA4B-84B9-456D-81B2-F9C1F6087638}.Release|x64.Build.0 = Release|x64
		{41C9DA4B-84B9-456D-81B2-F9C1F6087638}.Release|x86.ActiveCfg = Release|Win32
		{41C9DA4B-84B9-456D-81B2-F9C1F6087638}.Release|x86.Build.0 = Release|Win32
	EndGlobalSection
	GlobalSection(SolutionProperties) = preSolution
		HideSolutionNode = FALSE
	EndGlobalSection
	GlobalSection(ExtensibilityGlobals) = postSolution
		SolutionGuid = {96555791-D16F-4C62-AFF3-86D9FB989DE9}
	EndGlobalSection
EndGlobal
